
Microsoft Visual Studio Solution File, Format Version 12.00
# Visual Studio Version 17
VisualStudioVersion = 17.11.35327.3
MinimumVisualStudioVersion = 10.0.40219.1
Project("{9A19103F-16F7-4668-BE54-9A1E7A4F7556}") = "Summarize.PR", "Summarize.PR.csproj", "{E743CA16-BBA9-4541-9B70-49C5B76358B6}"
EndProject
Global
	GlobalSection(SolutionConfigurationPlatforms) = preSolution
		Debug|Any CPU = Debug|Any CPU
		Release|Any CPU = Release|Any CPU
	EndGlobalSection
	GlobalSection(ProjectConfigurationPlatforms) = postSolution
		{E743CA16-BBA9-4541-9B70-49C5B76358B6}.Debug|Any CPU.ActiveCfg = Debug|Any CPU
		{E743CA16-BBA9-4541-9B70-49C5B76358B6}.Debug|Any CPU.Build.0 = Debug|Any CPU
		{E743CA16-BBA9-4541-9B70-49C5B76358B6}.Release|Any CPU.ActiveCfg = Release|Any CPU
		{E743CA16-BBA9-4541-9B70-49C5B76358B6}.Release|Any CPU.Build.0 = Release|Any CPU
	EndGlobalSection
	GlobalSection(SolutionProperties) = preSolution
		HideSolutionNode = FALSE
	EndGlobalSection
	GlobalSection(ExtensibilityGlobals) = postSolution
		SolutionGuid = {A0E7CDBA-5436-40C7-8CCE-DCA218D6AAB6}
	EndGlobalSection
EndGlobal
